
Microsoft Visual Studio Solution File, Format Version 12.00
# Visual Studio Version 17
VisualStudioVersion = 17.5.33424.131
MinimumVisualStudioVersion = 10.0.40219.1
Project("{9A19103F-16F7-4668-BE54-9A1E7A4F7556}") = "HammarbyPizzeria", "HammarbyPizzeria\HammarbyPizzeria.csproj", "{65934099-2C0A-421B-8E47-59DCA80C051D}"
EndProject
Project("{2150E333-8FDC-42A3-9474-1A3956D46DE8}") = "Solution Items", "Solution Items", "{9E0A093C-9C91-486A-8996-004693BC2267}"
	ProjectSection(SolutionItems) = preProject
		TODO.txt = TODO.txt
	EndProjectSection
EndProject
Global
	GlobalSection(SolutionConfigurationPlatforms) = preSolution
		Debug|Any CPU = Debug|Any CPU
		Release|Any CPU = Release|Any CPU
	EndGlobalSection
	GlobalSection(ProjectConfigurationPlatforms) = postSolution
		{65934099-2C0A-421B-8E47-59DCA80C051D}.Debug|Any CPU.ActiveCfg = Debug|Any CPU
		{65934099-2C0A-421B-8E47-59DCA80C051D}.Debug|Any CPU.Build.0 = Debug|Any CPU
		{65934099-2C0A-421B-8E47-59DCA80C051D}.Release|Any CPU.ActiveCfg = Release|Any CPU
		{65934099-2C0A-421B-8E47-59DCA80C051D}.Release|Any CPU.Build.0 = Release|Any CPU
	EndGlobalSection
	GlobalSection(SolutionProperties) = preSolution
		HideSolutionNode = FALSE
	EndGlobalSection
	GlobalSection(ExtensibilityGlobals) = postSolution
		SolutionGuid = {52910229-7102-4BDF-B343-D4EBDBF3F76F}
	EndGlobalSection
EndGlobal
